
Microsoft Visual Studio Solution File, Format Version 12.00
# Visual Studio Version 17
VisualStudioVersion = 17.9.34723.18
MinimumVisualStudioVersion = 10.0.40219.1
Project("{8BC9CEB8-8B4A-11D0-8D11-00A0C91BC942}") = "primefactor", "primefactor\primefactor.vcxproj", "{CE78B45C-F067-4A6A-B28F-2EBB315F8A69}"
EndProject
Project("{2150E333-8FDC-42A3-9474-1A3956D46DE8}") = "솔루션 항목", "솔루션 항목", "{931D9C17-91C3-46E2-A13D-07F026F4D240}"
	ProjectSection(SolutionItems) = preProject
		.gitignore = .gitignore
	EndProjectSection
EndProject
Global
	GlobalSection(SolutionConfigurationPlatforms) = preSolution
		Debug|x64 = Debug|x64
		Debug|x86 = Debug|x86
		Release|x64 = Release|x64
		Release|x86 = Release|x86
	EndGlobalSection
	GlobalSection(ProjectConfigurationPlatforms) = postSolution
		{CE78B45C-F067-4A6A-B28F-2EBB315F8A69}.Debug|x64.ActiveCfg = Debug|x64
		{CE78B45C-F067-4A6A-B28F-2EBB315F8A69}.Debug|x64.Build.0 = Debug|x64
		{CE78B45C-F067-4A6A-B28F-2EBB315F8A69}.Debug|x86.ActiveCfg = Debug|Win32
		{CE78B45C-F067-4A6A-B28F-2EBB315F8A69}.Debug|x86.Build.0 = Debug|Win32
		{CE78B45C-F067-4A6A-B28F-2EBB315F8A69}.Release|x64.ActiveCfg = Release|x64
		{CE78B45C-F067-4A6A-B28F-2EBB315F8A69}.Release|x64.Build.0 = Release|x64
		{CE78B45C-F067-4A6A-B28F-2EBB315F8A69}.Release|x86.ActiveCfg = Release|Win32
		{CE78B45C-F067-4A6A-B28F-2EBB315F8A69}.Release|x86.Build.0 = Release|Win32
	EndGlobalSection
	GlobalSection(SolutionProperties) = preSolution
		HideSolutionNode = FALSE
	EndGlobalSection
	GlobalSection(ExtensibilityGlobals) = postSolution
		SolutionGuid = {F6938AF3-338E-4C65-92ED-C9839CF3FC2A}
	EndGlobalSection
EndGlobal
